# This file is autogenerated, do not edit; changes may be undone by the next 'dep ensure'.


[[projects]]
  digest = "1:31e761d97c76151dde79e9d28964a812c46efc5baee4085b86f68f0c654450de"
  name = "github.com/konsorten/go-windows-terminal-sequences"
  packages = ["."]
  pruneopts = "UT"
  revision = "f55edac94c9bbba5d6182a4be46d86a2c9b5b50e"
  version = "v1.0.2"

[[projects]]
  digest = "1:9ff22c26414baf7deaf74f2a788fe7b97666048bcbe346c52cfe823442abbdfb"
  name = "github.com/lib/pq"
  packages = [
    ".",
    "oid",
    "scram",
  ]
  pruneopts = "UT"
  revision = "99274577be97ac9b1d95a2d61d566dc9b7cc6a54"
  version = "v1.3.0"

[[projects]]
  digest = "1:04457f9f6f3ffc5fea48e71d62f2ca256637dee0a04d710288e27e05c8b41976"
  name = "github.com/sirupsen/logrus"
  packages = ["."]
  pruneopts = "UT"
  revision = "839c75faf7f98a33d445d181f3018b5c3409a45e"
  version = "v1.4.2"

[[projects]]
  branch = "master"
  digest = "1:e13350b7207ecc34977340d53522e0335dd36ed86ca7c346a36d2e88eb0fadfc"
  name = "golang.org/x/sys"
  packages = ["unix"]
  pruneopts = "UT"
  revision = "b77594299b429d05028403d72b68172959c7dad5"

[[projects]]
  digest = "1:a6b37544dfa674a8573141541f998c6942eab5d13388ab0b4631db38d1e4fbee"
  name = "gopkg.in/reform.v1"
  packages = [
    ".",
    "dialects/postgresql",
    "parse",
  ]
  pruneopts = "UT"
  revision = "8e91a79b08247ed62e99edf920d8d426defbfa81"
  version = "v1.3.3"

[solve-meta]
  analyzer-name = "dep"
  analyzer-version = 1
  input-imports = [
    "github.com/lib/pq",
    "github.com/sirupsen/logrus",
    "gopkg.in/reform.v1",
    "gopkg.in/reform.v1/dialects/postgresql",
    "gopkg.in/reform.v1/parse",
  ]
  solver-name = "gps-cdcl"
  solver-version = 1
